
Microsoft Visual Studio Solution File, Format Version 12.00
# Visual Studio Version 17
VisualStudioVersion = 17.2.32630.192
MinimumVisualStudioVersion = 10.0.40219.1
Project("{9A19103F-16F7-4668-BE54-9A1E7A4F7556}") = "D8S.L0015.Z000", "D8S.L0015.Z000\D8S.L0015.Z000.csproj", "{3C40528E-A712-4582-BC69-92D8CE8969D9}"
EndProject
Project("{2150E333-8FDC-42A3-9474-1A3956D46DE8}") = "_Dependencies", "_Dependencies", "{76E05AEB-F56F-453F-B0D5-2EF20AB150B9}"
EndProject
Project("{9A19103F-16F7-4668-BE54-9A1E7A4F7556}") = "R5T.F0000", "..\..\..\SafetyCone\R5T.F0000\source\R5T.F0000\R5T.F0000.csproj", "{FE0D4D87-63CE-4D67-B07D-21350F71E176}"
EndProject
Project("{9A19103F-16F7-4668-BE54-9A1E7A4F7556}") = "R5T.F0002", "..\..\..\SafetyCone\R5T.F0002\source\R5T.F0002\R5T.F0002.csproj", "{4BCFC9D9-553A-472E-8B85-B6C8F6BCE91A}"
EndProject
Project("{9A19103F-16F7-4668-BE54-9A1E7A4F7556}") = "R5T.F0059", "..\..\..\SafetyCone\R5T.F0059\source\R5T.F0059\R5T.F0059.csproj", "{B6EEB99A-1356-42EB-8355-2A60C2497E09}"
EndProject
Project("{9A19103F-16F7-4668-BE54-9A1E7A4F7556}") = "R5T.F0120", "..\..\..\SafetyCone\R5T.F0120\source\R5T.F0120\R5T.F0120.csproj", "{3EC9E795-FEE9-4B97-A18D-47C70A32506C}"
EndProject
Project("{9A19103F-16F7-4668-BE54-9A1E7A4F7556}") = "R5T.F0124", "..\..\..\SafetyCone\R5T.F0124\source\R5T.F0124\R5T.F0124.csproj", "{B215BAB6-7B9A-4EFE-AE68-4C0665743D53}"
EndProject
Project("{9A19103F-16F7-4668-BE54-9A1E7A4F7556}") = "R5T.F0125", "..\..\..\SafetyCone\R5T.F0125\source\R5T.F0125\R5T.F0125.csproj", "{20F6776F-6FF9-44A5-9744-BCC021C08361}"
EndProject
Project("{9A19103F-16F7-4668-BE54-9A1E7A4F7556}") = "R5T.L0030.T000", "..\..\..\SafetyCone\R5T.L0030\source\R5T.L0030.T000\R5T.L0030.T000.csproj", "{07384D46-2770-4D3D-B1DB-252025F48C91}"
EndProject
Project("{9A19103F-16F7-4668-BE54-9A1E7A4F7556}") = "R5T.L0030", "..\..\..\SafetyCone\R5T.L0030\source\R5T.L0030\R5T.L0030.csproj", "{BF3FEAB5-F057-4F1D-BF1F-E72A372AD341}"
EndProject
Project("{9A19103F-16F7-4668-BE54-9A1E7A4F7556}") = "R5T.L0034", "..\..\..\SafetyCone\R5T.L0034\source\R5T.L0034\R5T.L0034.csproj", "{18F94E05-7510-4D2A-82DD-8238E7EEEB16}"
EndProject
Project("{9A19103F-16F7-4668-BE54-9A1E7A4F7556}") = "R5T.L0035", "..\..\..\SafetyCone\R5T.L0035\source\R5T.L0035\R5T.L0035.csproj", "{5A768295-8953-4CA4-9A1F-B5A9FFCAADCE}"
EndProject
Project("{9A19103F-16F7-4668-BE54-9A1E7A4F7556}") = "R5T.L0053", "..\..\..\SafetyCone\R5T.L0053\source\R5T.L0053\R5T.L0053.csproj", "{E68E2AC1-71F8-4ACF-A5CB-45C5BC9CF5D0}"
EndProject
Project("{9A19103F-16F7-4668-BE54-9A1E7A4F7556}") = "R5T.L0056", "..\..\..\SafetyCone\R5T.L0056\source\R5T.L0056\R5T.L0056.csproj", "{C26C082C-6864-4C03-ABB5-1D10ADB5BBA9}"
EndProject
Project("{9A19103F-16F7-4668-BE54-9A1E7A4F7556}") = "R5T.L0066", "..\..\..\SafetyCone\R5T.L0066\source\R5T.L0066\R5T.L0066.csproj", "{E47047CC-2FA8-46D6-8C85-B22AF0156381}"
EndProject
Project("{9A19103F-16F7-4668-BE54-9A1E7A4F7556}") = "R5T.L0071", "..\..\..\SafetyCone\R5T.L0071\source\R5T.L0071\R5T.L0071.csproj", "{5649350F-6DD9-4858-A82E-97866957E408}"
EndProject
Project("{9A19103F-16F7-4668-BE54-9A1E7A4F7556}") = "R5T.L0074", "..\..\..\SafetyCone\R5T.L0074\source\R5T.L0074\R5T.L0074.csproj", "{3961902F-A008-4FB7-840A-8FD505854C94}"
EndProject
Project("{9A19103F-16F7-4668-BE54-9A1E7A4F7556}") = "R5T.L0089.F000", "..\..\..\SafetyCone\R5T.L0089\source\R5T.L0089.F000\R5T.L0089.F000.csproj", "{E865081C-BAF9-4C1D-B99C-5E39B29A6C77}"
EndProject
Project("{9A19103F-16F7-4668-BE54-9A1E7A4F7556}") = "R5T.L0089.T000", "..\..\..\SafetyCone\R5T.L0089\source\R5T.L0089.T000\R5T.L0089.T000.csproj", "{87321C16-199E-4DF6-8803-679F4A7974A6}"
EndProject
Project("{9A19103F-16F7-4668-BE54-9A1E7A4F7556}") = "R5T.L0089", "..\..\..\SafetyCone\R5T.L0089\source\R5T.L0089\R5T.L0089.csproj", "{680191B4-456F-4550-8D3C-C2C1DE12D771}"
EndProject
Project("{9A19103F-16F7-4668-BE54-9A1E7A4F7556}") = "R5T.NG0006", "..\..\..\SafetyCone\R5T.NG0006\source\R5T.NG0006\R5T.NG0006.csproj", "{91AD3CB9-FB4A-4272-9C94-B2050856271E}"
EndProject
Project("{9A19103F-16F7-4668-BE54-9A1E7A4F7556}") = "R5T.NG0022", "..\..\..\SafetyCone\R5T.NG0022\source\R5T.NG0022\R5T.NG0022.csproj", "{0DE8D5E4-EC9A-43DA-818A-74CA291F81DD}"
EndProject
Project("{9A19103F-16F7-4668-BE54-9A1E7A4F7556}") = "R5T.T0131", "..\..\..\SafetyCone\R5T.T0131\source\R5T.T0131\R5T.T0131.csproj", "{8F156976-1B89-4678-B7A1-F764DC325B13}"
EndProject
Project("{9A19103F-16F7-4668-BE54-9A1E7A4F7556}") = "R5T.T0132", "..\..\..\SafetyCone\R5T.T0132\source\R5T.T0132\R5T.T0132.csproj", "{4D0F7A6A-159D-4EF5-9F64-3BF0E8969AC7}"
EndProject
Project("{9A19103F-16F7-4668-BE54-9A1E7A4F7556}") = "R5T.T0142", "..\..\..\SafetyCone\R5T.T0142\source\R5T.T0142\R5T.T0142.csproj", "{9EB44832-EA92-4252-A246-214306962490}"
EndProject
Project("{9A19103F-16F7-4668-BE54-9A1E7A4F7556}") = "R5T.T0143", "..\..\..\SafetyCone\R5T.T0143\source\R5T.T0143\R5T.T0143.csproj", "{286E55D0-2C44-4989-985D-9A6F9E82AC47}"
EndProject
Project("{9A19103F-16F7-4668-BE54-9A1E7A4F7556}") = "R5T.T0150", "..\..\..\SafetyCone\R5T.T0150\source\R5T.T0150\R5T.T0150.csproj", "{A3BA4657-18CA-494D-8565-3D6C160E2076}"
EndProject
Project("{9A19103F-16F7-4668-BE54-9A1E7A4F7556}") = "R5T.T0151", "..\..\..\SafetyCone\R5T.T0151\source\R5T.T0151\R5T.T0151.csproj", "{29BC9391-144A-4C4A-A051-3A330D3E3080}"
EndProject
Project("{9A19103F-16F7-4668-BE54-9A1E7A4F7556}") = "R5T.T0156", "..\..\..\SafetyCone\R5T.T0156\source\R5T.T0156\R5T.T0156.csproj", "{968F275A-69BD-45E7-8D2C-567AAF8212A9}"
EndProject
Project("{9A19103F-16F7-4668-BE54-9A1E7A4F7556}") = "R5T.T0158", "..\..\..\SafetyCone\R5T.T0158\source\R5T.T0158\R5T.T0158.csproj", "{3807A8F2-D342-461A-8E7C-DD315EA2AC8E}"
EndProject
Project("{9A19103F-16F7-4668-BE54-9A1E7A4F7556}") = "R5T.T0159", "..\..\..\SafetyCone\R5T.T0159\source\R5T.T0159\R5T.T0159.csproj", "{9EA54CAF-C708-4BA4-9044-034BBC63DCE0}"
EndProject
Project("{9A19103F-16F7-4668-BE54-9A1E7A4F7556}") = "R5T.T0172", "..\..\..\SafetyCone\R5T.T0172\source\R5T.T0172\R5T.T0172.csproj", "{D65BB0E0-A9B2-4401-8F67-67C2C68782EA}"
EndProject
Project("{9A19103F-16F7-4668-BE54-9A1E7A4F7556}") = "R5T.T0174", "..\..\..\SafetyCone\R5T.T0174\source\R5T.T0174\R5T.T0174.csproj", "{064DBDBA-333E-41D4-A9B2-876AF932A467}"
EndProject
Project("{9A19103F-16F7-4668-BE54-9A1E7A4F7556}") = "R5T.T0176", "..\..\..\SafetyCone\R5T.T0176\source\R5T.T0176\R5T.T0176.csproj", "{916FAAB8-66D9-40FB-B06A-816497496ACC}"
EndProject
Project("{9A19103F-16F7-4668-BE54-9A1E7A4F7556}") = "R5T.T0177", "..\..\..\SafetyCone\R5T.T0177\source\R5T.T0177\R5T.T0177.csproj", "{58895F13-E234-44B1-8CAE-0644E58770FA}"
EndProject
Project("{9A19103F-16F7-4668-BE54-9A1E7A4F7556}") = "R5T.T0178", "..\..\..\SafetyCone\R5T.T0178\source\R5T.T0178\R5T.T0178.csproj", "{F451A2BB-870C-430A-AF8D-C8F6A3C30182}"
EndProject
Project("{9A19103F-16F7-4668-BE54-9A1E7A4F7556}") = "R5T.T0179", "..\..\..\SafetyCone\R5T.T0179\source\R5T.T0179\R5T.T0179.csproj", "{07E42814-C59C-43C5-AA57-39B53C340A0C}"
EndProject
Project("{9A19103F-16F7-4668-BE54-9A1E7A4F7556}") = "R5T.T0180", "..\..\..\SafetyCone\R5T.T0180\source\R5T.T0180\R5T.T0180.csproj", "{DD612044-55C5-422D-B1CA-643D9538F769}"
EndProject
Project("{9A19103F-16F7-4668-BE54-9A1E7A4F7556}") = "R5T.T0181", "..\..\..\SafetyCone\R5T.T0181\source\R5T.T0181\R5T.T0181.csproj", "{0951AF5B-DEBD-47AB-8BD5-DB84DE774F8F}"
EndProject
Project("{9A19103F-16F7-4668-BE54-9A1E7A4F7556}") = "R5T.T0185", "..\..\..\SafetyCone\R5T.T0185\source\R5T.T0185\R5T.T0185.csproj", "{777FCF1F-C6C1-41FE-9930-5D565C6D12C1}"
EndProject
Project("{9A19103F-16F7-4668-BE54-9A1E7A4F7556}") = "R5T.T0199.T000", "..\..\..\SafetyCone\R5T.T0199\source\R5T.T0199.T000\R5T.T0199.T000.csproj", "{0A1BD062-B9CB-4AB3-9B24-A172DD37A57C}"
EndProject
Project("{9A19103F-16F7-4668-BE54-9A1E7A4F7556}") = "R5T.T0199.T001", "..\..\..\SafetyCone\R5T.T0199\source\R5T.T0199.T001\R5T.T0199.T001.csproj", "{9952CC14-D2E5-4E44-B383-EE02E411F990}"
EndProject
Project("{9A19103F-16F7-4668-BE54-9A1E7A4F7556}") = "R5T.T0199", "..\..\..\SafetyCone\R5T.T0199\source\R5T.T0199\R5T.T0199.csproj", "{7238620D-4243-4724-85EC-5C80E7028E1C}"
EndProject
Project("{9A19103F-16F7-4668-BE54-9A1E7A4F7556}") = "R5T.T0203", "..\..\..\SafetyCone\R5T.T0203\source\R5T.T0203\R5T.T0203.csproj", "{25CEE123-380B-4ED2-B33D-40673058EB4E}"
EndProject
Project("{9A19103F-16F7-4668-BE54-9A1E7A4F7556}") = "R5T.T0213", "..\..\..\SafetyCone\R5T.T0213\source\R5T.T0213\R5T.T0213.csproj", "{EDDB6F7F-9C23-44AE-8392-3AE380584840}"
EndProject
Project("{9A19103F-16F7-4668-BE54-9A1E7A4F7556}") = "R5T.T0218", "..\..\..\SafetyCone\R5T.T0218\source\R5T.T0218\R5T.T0218.csproj", "{0A80BEE9-4BE2-4607-BF2E-8E07322EB15F}"
EndProject
Project("{9A19103F-16F7-4668-BE54-9A1E7A4F7556}") = "R5T.T0219", "..\..\..\SafetyCone\R5T.T0219\source\R5T.T0219\R5T.T0219.csproj", "{F424965F-97FF-4677-8521-E901065C6056}"
EndProject
Project("{9A19103F-16F7-4668-BE54-9A1E7A4F7556}") = "R5T.T0220", "..\..\..\SafetyCone\R5T.T0220\source\R5T.T0220\R5T.T0220.csproj", "{86AF013B-CFB8-4BF5-8826-7F5CCD09F174}"
EndProject
Project("{9A19103F-16F7-4668-BE54-9A1E7A4F7556}") = "R5T.T0221", "..\..\..\SafetyCone\R5T.T0221\source\R5T.T0221\R5T.T0221.csproj", "{8D1F3995-871E-414F-A002-9BBD0982C2DE}"
EndProject
Project("{9A19103F-16F7-4668-BE54-9A1E7A4F7556}") = "R5T.T0227", "..\..\..\SafetyCone\R5T.T0227\source\R5T.T0227\R5T.T0227.csproj", "{85A4DF05-CC9B-4690-867E-5E7FB2922956}"
EndProject
Project("{9A19103F-16F7-4668-BE54-9A1E7A4F7556}") = "R5T.T0241", "..\..\..\SafetyCone\R5T.T0241\source\R5T.T0241\R5T.T0241.csproj", "{FF1711D2-B8B2-4BAE-BB03-D5FC2C9795EF}"
EndProject
Project("{9A19103F-16F7-4668-BE54-9A1E7A4F7556}") = "R5T.T0252", "..\..\..\SafetyCone\R5T.T0252\source\R5T.T0252\R5T.T0252.csproj", "{D6D8259D-EEF0-46D6-AE6F-931CF0A0F209}"
EndProject
Project("{9A19103F-16F7-4668-BE54-9A1E7A4F7556}") = "R5T.Y0000", "..\..\..\SafetyCone\R5T.Y0000\source\R5T.Y0000\R5T.Y0000.csproj", "{08FD0AF2-5E57-4C26-B58F-CAF4E5C77709}"
EndProject
Project("{9A19103F-16F7-4668-BE54-9A1E7A4F7556}") = "R5T.Y0006", "..\..\..\SafetyCone\R5T.Y0006\source\R5T.Y0006\R5T.Y0006.csproj", "{4A68387D-86FE-412F-ACF5-3E519AD3EA18}"
EndProject
Project("{9A19103F-16F7-4668-BE54-9A1E7A4F7556}") = "R5T.Z0000", "..\..\..\SafetyCone\R5T.Z0000\source\R5T.Z0000\R5T.Z0000.csproj", "{5B21063B-1325-4A34-A70C-1C4BB968AC18}"
EndProject
Project("{9A19103F-16F7-4668-BE54-9A1E7A4F7556}") = "R5T.Z0057.Platform", "..\..\..\SafetyCone\R5T.Z0057\source\R5T.Z0057.Platform\R5T.Z0057.Platform.csproj", "{2FD174BB-50E6-4995-BC8B-1370DE7CA1BA}"
EndProject
Project("{9A19103F-16F7-4668-BE54-9A1E7A4F7556}") = "R5T.Z0057", "..\..\..\SafetyCone\R5T.Z0057\source\R5T.Z0057\R5T.Z0057.csproj", "{D4C1C382-D3B4-467F-8C99-D357CFB196D5}"
EndProject
Project("{9A19103F-16F7-4668-BE54-9A1E7A4F7556}") = "R5T.Z0058", "..\..\..\SafetyCone\R5T.Z0058\source\R5T.Z0058\R5T.Z0058.csproj", "{906BA924-8F03-4A88-A429-CFDC210372A3}"
EndProject
Project("{9A19103F-16F7-4668-BE54-9A1E7A4F7556}") = "R5T.Z0072.Z000", "..\..\..\SafetyCone\R5T.Z0072\source\R5T.Z0072.Z000\R5T.Z0072.Z000.csproj", "{0BBF6A53-97DE-4CEC-B8D5-A95D859C4BB4}"
EndProject
Project("{9A19103F-16F7-4668-BE54-9A1E7A4F7556}") = "R5T.Z0072.Z001", "..\..\..\SafetyCone\R5T.Z0072\source\R5T.Z0072.Z001\R5T.Z0072.Z001.csproj", "{06B3C967-0710-41C9-91C2-756BFBE61EF7}"
EndProject
Project("{9A19103F-16F7-4668-BE54-9A1E7A4F7556}") = "R5T.Z0072.Z002", "..\..\..\SafetyCone\R5T.Z0072\source\R5T.Z0072.Z002\R5T.Z0072.Z002.csproj", "{09825DFC-2981-4D58-B3D7-03E29087C94C}"
EndProject
Project("{9A19103F-16F7-4668-BE54-9A1E7A4F7556}") = "R5T.Z0072.Z004", "..\..\..\SafetyCone\R5T.Z0072\source\R5T.Z0072.Z004\R5T.Z0072.Z004.csproj", "{5F17FCF7-7133-45D8-B2CA-4D87D8057D6F}"
EndProject
Project("{2150E333-8FDC-42A3-9474-1A3956D46DE8}") = "Solution Items", "Solution Items", "{02EA681E-C7D8-13C7-8484-4AC65E1B71E8}"
	ProjectSection(SolutionItems) = preProject
		.editorconfig = .editorconfig
	EndProjectSection
EndProject
Project("{9A19103F-16F7-4668-BE54-9A1E7A4F7556}") = "D8S.L0015.F000", "D8S.L0015.F000\D8S.L0015.F000.csproj", "{816402C4-F337-472A-82DA-AFD59B1024BC}"
EndProject
Project("{9A19103F-16F7-4668-BE54-9A1E7A4F7556}") = "D8S.L0016.F000", "..\..\D8S.L0016\source\D8S.L0016.F000\D8S.L0016.F000.csproj", "{81F3042A-9B59-4B0B-AAD5-E8D3DA4BB7F5}"
EndProject
Project("{9A19103F-16F7-4668-BE54-9A1E7A4F7556}") = "D8S.L0017.F000", "..\..\D8S.L0017\source\D8S.L0017.F000\D8S.L0017.F000.csproj", "{B8BFA48A-3C1E-4058-BEA5-B9258AE61E3E}"
EndProject
Project("{9A19103F-16F7-4668-BE54-9A1E7A4F7556}") = "D8S.Y0002.Y000", "..\..\D8S.Y0002\source\D8S.Y0002.Y000\D8S.Y0002.Y000.csproj", "{1C5DAC0D-B1A9-4709-9544-E4BCA1DAAC68}"
EndProject
Global
	GlobalSection(NestedProjects) = preSolution
		{FE0D4D87-63CE-4D67-B07D-21350F71E176} = {76E05AEB-F56F-453F-B0D5-2EF20AB150B9}
		{4BCFC9D9-553A-472E-8B85-B6C8F6BCE91A} = {76E05AEB-F56F-453F-B0D5-2EF20AB150B9}
		{B6EEB99A-1356-42EB-8355-2A60C2497E09} = {76E05AEB-F56F-453F-B0D5-2EF20AB150B9}
		{3EC9E795-FEE9-4B97-A18D-47C70A32506C} = {76E05AEB-F56F-453F-B0D5-2EF20AB150B9}
		{B215BAB6-7B9A-4EFE-AE68-4C0665743D53} = {76E05AEB-F56F-453F-B0D5-2EF20AB150B9}
		{20F6776F-6FF9-44A5-9744-BCC021C08361} = {76E05AEB-F56F-453F-B0D5-2EF20AB150B9}
		{07384D46-2770-4D3D-B1DB-252025F48C91} = {76E05AEB-F56F-453F-B0D5-2EF20AB150B9}
		{BF3FEAB5-F057-4F1D-BF1F-E72A372AD341} = {76E05AEB-F56F-453F-B0D5-2EF20AB150B9}
		{18F94E05-7510-4D2A-82DD-8238E7EEEB16} = {76E05AEB-F56F-453F-B0D5-2EF20AB150B9}
		{5A768295-8953-4CA4-9A1F-B5A9FFCAADCE} = {76E05AEB-F56F-453F-B0D5-2EF20AB150B9}
		{E68E2AC1-71F8-4ACF-A5CB-45C5BC9CF5D0} = {76E05AEB-F56F-453F-B0D5-2EF20AB150B9}
		{C26C082C-6864-4C03-ABB5-1D10ADB5BBA9} = {76E05AEB-F56F-453F-B0D5-2EF20AB150B9}
		{E47047CC-2FA8-46D6-8C85-B22AF0156381} = {76E05AEB-F56F-453F-B0D5-2EF20AB150B9}
		{5649350F-6DD9-4858-A82E-97866957E408} = {76E05AEB-F56F-453F-B0D5-2EF20AB150B9}
		{3961902F-A008-4FB7-840A-8FD505854C94} = {76E05AEB-F56F-453F-B0D5-2EF20AB150B9}
		{E865081C-BAF9-4C1D-B99C-5E39B29A6C77} = {76E05AEB-F56F-453F-B0D5-2EF20AB150B9}
		{87321C16-199E-4DF6-8803-679F4A7974A6} = {76E05AEB-F56F-453F-B0D5-2EF20AB150B9}
		{680191B4-456F-4550-8D3C-C2C1DE12D771} = {76E05AEB-F56F-453F-B0D5-2EF20AB150B9}
		{91AD3CB9-FB4A-4272-9C94-B2050856271E} = {76E05AEB-F56F-453F-B0D5-2EF20AB150B9}
		{0DE8D5E4-EC9A-43DA-818A-74CA291F81DD} = {76E05AEB-F56F-453F-B0D5-2EF20AB150B9}
		{8F156976-1B89-4678-B7A1-F764DC325B13} = {76E05AEB-F56F-453F-B0D5-2EF20AB150B9}
		{4D0F7A6A-159D-4EF5-9F64-3BF0E8969AC7} = {76E05AEB-F56F-453F-B0D5-2EF20AB150B9}
		{9EB44832-EA92-4252-A246-214306962490} = {76E05AEB-F56F-453F-B0D5-2EF20AB150B9}
		{286E55D0-2C44-4989-985D-9A6F9E82AC47} = {76E05AEB-F56F-453F-B0D5-2EF20AB150B9}
		{A3BA4657-18CA-494D-8565-3D6C160E2076} = {76E05AEB-F56F-453F-B0D5-2EF20AB150B9}
		{29BC9391-144A-4C4A-A051-3A330D3E3080} = {76E05AEB-F56F-453F-B0D5-2EF20AB150B9}
		{968F275A-69BD-45E7-8D2C-567AAF8212A9} = {76E05AEB-F56F-453F-B0D5-2EF20AB150B9}
		{3807A8F2-D342-461A-8E7C-DD315EA2AC8E} = {76E05AEB-F56F-453F-B0D5-2EF20AB150B9}
		{9EA54CAF-C708-4BA4-9044-034BBC63DCE0} = {76E05AEB-F56F-453F-B0D5-2EF20AB150B9}
		{D65BB0E0-A9B2-4401-8F67-67C2C68782EA} = {76E05AEB-F56F-453F-B0D5-2EF20AB150B9}
		{064DBDBA-333E-41D4-A9B2-876AF932A467} = {76E05AEB-F56F-453F-B0D5-2EF20AB150B9}
		{916FAAB8-66D9-40FB-B06A-816497496ACC} = {76E05AEB-F56F-453F-B0D5-2EF20AB150B9}
		{58895F13-E234-44B1-8CAE-0644E58770FA} = {76E05AEB-F56F-453F-B0D5-2EF20AB150B9}
		{F451A2BB-870C-430A-AF8D-C8F6A3C30182} = {76E05AEB-F56F-453F-B0D5-2EF20AB150B9}
		{07E42814-C59C-43C5-AA57-39B53C340A0C} = {76E05AEB-F56F-453F-B0D5-2EF20AB150B9}
		{DD612044-55C5-422D-B1CA-643D9538F769} = {76E05AEB-F56F-453F-B0D5-2EF20AB150B9}
		{0951AF5B-DEBD-47AB-8BD5-DB84DE774F8F} = {76E05AEB-F56F-453F-B0D5-2EF20AB150B9}
		{777FCF1F-C6C1-41FE-9930-5D565C6D12C1} = {76E05AEB-F56F-453F-B0D5-2EF20AB150B9}
		{0A1BD062-B9CB-4AB3-9B24-A172DD37A57C} = {76E05AEB-F56F-453F-B0D5-2EF20AB150B9}
		{9952CC14-D2E5-4E44-B383-EE02E411F990} = {76E05AEB-F56F-453F-B0D5-2EF20AB150B9}
		{7238620D-4243-4724-85EC-5C80E7028E1C} = {76E05AEB-F56F-453F-B0D5-2EF20AB150B9}
		{25CEE123-380B-4ED2-B33D-40673058EB4E} = {76E05AEB-F56F-453F-B0D5-2EF20AB150B9}
		{EDDB6F7F-9C23-44AE-8392-3AE380584840} = {76E05AEB-F56F-453F-B0D5-2EF20AB150B9}
		{0A80BEE9-4BE2-4607-BF2E-8E07322EB15F} = {76E05AEB-F56F-453F-B0D5-2EF20AB150B9}
		{F424965F-97FF-4677-8521-E901065C6056} = {76E05AEB-F56F-453F-B0D5-2EF20AB150B9}
		{86AF013B-CFB8-4BF5-8826-7F5CCD09F174} = {76E05AEB-F56F-453F-B0D5-2EF20AB150B9}
		{8D1F3995-871E-414F-A002-9BBD0982C2DE} = {76E05AEB-F56F-453F-B0D5-2EF20AB150B9}
		{85A4DF05-CC9B-4690-867E-5E7FB2922956} = {76E05AEB-F56F-453F-B0D5-2EF20AB150B9}
		{FF1711D2-B8B2-4BAE-BB03-D5FC2C9795EF} = {76E05AEB-F56F-453F-B0D5-2EF20AB150B9}
		{D6D8259D-EEF0-46D6-AE6F-931CF0A0F209} = {76E05AEB-F56F-453F-B0D5-2EF20AB150B9}
		{08FD0AF2-5E57-4C26-B58F-CAF4E5C77709} = {76E05AEB-F56F-453F-B0D5-2EF20AB150B9}
		{4A68387D-86FE-412F-ACF5-3E519AD3EA18} = {76E05AEB-F56F-453F-B0D5-2EF20AB150B9}
		{5B21063B-1325-4A34-A70C-1C4BB968AC18} = {76E05AEB-F56F-453F-B0D5-2EF20AB150B9}
		{2FD174BB-50E6-4995-BC8B-1370DE7CA1BA} = {76E05AEB-F56F-453F-B0D5-2EF20AB150B9}
		{D4C1C382-D3B4-467F-8C99-D357CFB196D5} = {76E05AEB-F56F-453F-B0D5-2EF20AB150B9}
		{906BA924-8F03-4A88-A429-CFDC210372A3} = {76E05AEB-F56F-453F-B0D5-2EF20AB150B9}
		{0BBF6A53-97DE-4CEC-B8D5-A95D859C4BB4} = {76E05AEB-F56F-453F-B0D5-2EF20AB150B9}
		{06B3C967-0710-41C9-91C2-756BFBE61EF7} = {76E05AEB-F56F-453F-B0D5-2EF20AB150B9}
		{09825DFC-2981-4D58-B3D7-03E29087C94C} = {76E05AEB-F56F-453F-B0D5-2EF20AB150B9}
		{5F17FCF7-7133-45D8-B2CA-4D87D8057D6F} = {76E05AEB-F56F-453F-B0D5-2EF20AB150B9}
		{81F3042A-9B59-4B0B-AAD5-E8D3DA4BB7F5} = {76E05AEB-F56F-453F-B0D5-2EF20AB150B9}
		{B8BFA48A-3C1E-4058-BEA5-B9258AE61E3E} = {76E05AEB-F56F-453F-B0D5-2EF20AB150B9}
		{1C5DAC0D-B1A9-4709-9544-E4BCA1DAAC68} = {76E05AEB-F56F-453F-B0D5-2EF20AB150B9}
	EndGlobalSection
	GlobalSection(SolutionConfigurationPlatforms) = preSolution
		Debug|Any CPU = Debug|Any CPU
		Release|Any CPU = Release|Any CPU
	EndGlobalSection
	GlobalSection(ProjectConfigurationPlatforms) = postSolution
		{3C40528E-A712-4582-BC69-92D8CE8969D9}.Debug|Any CPU.ActiveCfg = Debug|Any CPU
		{3C40528E-A712-4582-BC69-92D8CE8969D9}.Debug|Any CPU.Build.0 = Debug|Any CPU
		{3C40528E-A712-4582-BC69-92D8CE8969D9}.Release|Any CPU.ActiveCfg = Release|Any CPU
		{3C40528E-A712-4582-BC69-92D8CE8969D9}.Release|Any CPU.Build.0 = Release|Any CPU
		{FE0D4D87-63CE-4D67-B07D-21350F71E176}.Debug|Any CPU.ActiveCfg = Debug|Any CPU
		{FE0D4D87-63CE-4D67-B07D-21350F71E176}.Debug|Any CPU.Build.0 = Debug|Any CPU
		{FE0D4D87-63CE-4D67-B07D-21350F71E176}.Release|Any CPU.ActiveCfg = Release|Any CPU
		{FE0D4D87-63CE-4D67-B07D-21350F71E176}.Release|Any CPU.Build.0 = Release|Any CPU
		{4BCFC9D9-553A-472E-8B85-B6C8F6BCE91A}.Debug|Any CPU.ActiveCfg = Debug|Any CPU
		{4BCFC9D9-553A-472E-8B85-B6C8F6BCE91A}.Debug|Any CPU.Build.0 = Debug|Any CPU
		{4BCFC9D9-553A-472E-8B85-B6C8F6BCE91A}.Release|Any CPU.ActiveCfg = Release|Any CPU
		{4BCFC9D9-553A-472E-8B85-B6C8F6BCE91A}.Release|Any CPU.Build.0 = Release|Any CPU
		{B6EEB99A-1356-42EB-8355-2A60C2497E09}.Debug|Any CPU.ActiveCfg = Debug|Any CPU
		{B6EEB99A-1356-42EB-8355-2A60C2497E09}.Debug|Any CPU.Build.0 = Debug|Any CPU
		{B6EEB99A-1356-42EB-8355-2A60C2497E09}.Release|Any CPU.ActiveCfg = Release|Any CPU
		{B6EEB99A-1356-42EB-8355-2A60C2497E09}.Release|Any CPU.Build.0 = Release|Any CPU
		{3EC9E795-FEE9-4B97-A18D-47C70A32506C}.Debug|Any CPU.ActiveCfg = Debug|Any CPU
		{3EC9E795-FEE9-4B97-A18D-47C70A32506C}.Debug|Any CPU.Build.0 = Debug|Any CPU
		{3EC9E795-FEE9-4B97-A18D-47C70A32506C}.Release|Any CPU.ActiveCfg = Release|Any CPU
		{3EC9E795-FEE9-4B97-A18D-47C70A32506C}.Release|Any CPU.Build.0 = Release|Any CPU
		{B215BAB6-7B9A-4EFE-AE68-4C0665743D53}.Debug|Any CPU.ActiveCfg = Debug|Any CPU
		{B215BAB6-7B9A-4EFE-AE68-4C0665743D53}.Debug|Any CPU.Build.0 = Debug|Any CPU
		{B215BAB6-7B9A-4EFE-AE68-4C0665743D53}.Release|Any CPU.ActiveCfg = Release|Any CPU
		{B215BAB6-7B9A-4EFE-AE68-4C0665743D53}.Release|Any CPU.Build.0 = Release|Any CPU
		{20F6776F-6FF9-44A5-9744-BCC021C08361}.Debug|Any CPU.ActiveCfg = Debug|Any CPU
		{20F6776F-6FF9-44A5-9744-BCC021C08361}.Debug|Any CPU.Build.0 = Debug|Any CPU
		{20F6776F-6FF9-44A5-9744-BCC021C08361}.Release|Any CPU.ActiveCfg = Release|Any CPU
		{20F6776F-6FF9-44A5-9744-BCC021C08361}.Release|Any CPU.Build.0 = Release|Any CPU
		{07384D46-2770-4D3D-B1DB-252025F48C91}.Debug|Any CPU.ActiveCfg = Debug|Any CPU
		{07384D46-2770-4D3D-B1DB-252025F48C91}.Debug|Any CPU.Build.0 = Debug|Any CPU
		{07384D46-2770-4D3D-B1DB-252025F48C91}.Release|Any CPU.ActiveCfg = Release|Any CPU
		{07384D46-2770-4D3D-B1DB-252025F48C91}.Release|Any CPU.Build.0 = Release|Any CPU
		{BF3FEAB5-F057-4F1D-BF1F-E72A372AD341}.Debug|Any CPU.ActiveCfg = Debug|Any CPU
		{BF3FEAB5-F057-4F1D-BF1F-E72A372AD341}.Debug|Any CPU.Build.0 = Debug|Any CPU
		{BF3FEAB5-F057-4F1D-BF1F-E72A372AD341}.Release|Any CPU.ActiveCfg = Release|Any CPU
		{BF3FEAB5-F057-4F1D-BF1F-E72A372AD341}.Release|Any CPU.Build.0 = Release|Any CPU
		{18F94E05-7510-4D2A-82DD-8238E7EEEB16}.Debug|Any CPU.ActiveCfg = Debug|Any CPU
		{18F94E05-7510-4D2A-82DD-8238E7EEEB16}.Debug|Any CPU.Build.0 = Debug|Any CPU
		{18F94E05-7510-4D2A-82DD-8238E7EEEB16}.Release|Any CPU.ActiveCfg = Release|Any CPU
		{18F94E05-7510-4D2A-82DD-8238E7EEEB16}.Release|Any CPU.Build.0 = Release|Any CPU
		{5A768295-8953-4CA4-9A1F-B5A9FFCAADCE}.Debug|Any CPU.ActiveCfg = Debug|Any CPU
		{5A768295-8953-4CA4-9A1F-B5A9FFCAADCE}.Debug|Any CPU.Build.0 = Debug|Any CPU
		{5A768295-8953-4CA4-9A1F-B5A9FFCAADCE}.Release|Any CPU.ActiveCfg = Release|Any CPU
		{5A768295-8953-4CA4-9A1F-B5A9FFCAADCE}.Release|Any CPU.Build.0 = Release|Any CPU
		{E68E2AC1-71F8-4ACF-A5CB-45C5BC9CF5D0}.Debug|Any CPU.ActiveCfg = Debug|Any CPU
		{E68E2AC1-71F8-4ACF-A5CB-45C5BC9CF5D0}.Debug|Any CPU.Build.0 = Debug|Any CPU
		{E68E2AC1-71F8-4ACF-A5CB-45C5BC9CF5D0}.Release|Any CPU.ActiveCfg = Release|Any CPU
		{E68E2AC1-71F8-4ACF-A5CB-45C5BC9CF5D0}.Release|Any CPU.Build.0 = Release|Any CPU
		{C26C082C-6864-4C03-ABB5-1D10ADB5BBA9}.Debug|Any CPU.ActiveCfg = Debug|Any CPU
		{C26C082C-6864-4C03-ABB5-1D10ADB5BBA9}.Debug|Any CPU.Build.0 = Debug|Any CPU
		{C26C082C-6864-4C03-ABB5-1D10ADB5BBA9}.Release|Any CPU.ActiveCfg = Release|Any CPU
		{C26C082C-6864-4C03-ABB5-1D10ADB5BBA9}.Release|Any CPU.Build.0 = Release|Any CPU
		{E47047CC-2FA8-46D6-8C85-B22AF0156381}.Debug|Any CPU.ActiveCfg = Debug|Any CPU
		{E47047CC-2FA8-46D6-8C85-B22AF0156381}.Debug|Any CPU.Build.0 = Debug|Any CPU
		{E47047CC-2FA8-46D6-8C85-B22AF0156381}.Release|Any CPU.ActiveCfg = Release|Any CPU
		{E47047CC-2FA8-46D6-8C85-B22AF0156381}.Release|Any CPU.Build.0 = Release|Any CPU
		{5649350F-6DD9-4858-A82E-97866957E408}.Debug|Any CPU.ActiveCfg = Debug|Any CPU
		{5649350F-6DD9-4858-A82E-97866957E408}.Debug|Any CPU.Build.0 = Debug|Any CPU
		{5649350F-6DD9-4858-A82E-97866957E408}.Release|Any CPU.ActiveCfg = Release|Any CPU
		{5649350F-6DD9-4858-A82E-97866957E408}.Release|Any CPU.Build.0 = Release|Any CPU
		{3961902F-A008-4FB7-840A-8FD505854C94}.Debug|Any CPU.ActiveCfg = Debug|Any CPU
		{3961902F-A008-4FB7-840A-8FD505854C94}.Debug|Any CPU.Build.0 = Debug|Any CPU
		{3961902F-A008-4FB7-840A-8FD505854C94}.Release|Any CPU.ActiveCfg = Release|Any CPU
		{3961902F-A008-4FB7-840A-8FD505854C94}.Release|Any CPU.Build.0 = Release|Any CPU
		{E865081C-BAF9-4C1D-B99C-5E39B29A6C77}.Debug|Any CPU.ActiveCfg = Debug|Any CPU
		{E865081C-BAF9-4C1D-B99C-5E39B29A6C77}.Debug|Any CPU.Build.0 = Debug|Any CPU
		{E865081C-BAF9-4C1D-B99C-5E39B29A6C77}.Release|Any CPU.ActiveCfg = Release|Any CPU
		{E865081C-BAF9-4C1D-B99C-5E39B29A6C77}.Release|Any CPU.Build.0 = Release|Any CPU
		{87321C16-199E-4DF6-8803-679F4A7974A6}.Debug|Any CPU.ActiveCfg = Debug|Any CPU
		{87321C16-199E-4DF6-8803-679F4A7974A6}.Debug|Any CPU.Build.0 = Debug|Any CPU
		{87321C16-199E-4DF6-8803-679F4A7974A6}.Release|Any CPU.ActiveCfg = Release|Any CPU
		{87321C16-199E-4DF6-8803-679F4A7974A6}.Release|Any CPU.Build.0 = Release|Any CPU
		{680191B4-456F-4550-8D3C-C2C1DE12D771}.Debug|Any CPU.ActiveCfg = Debug|Any CPU
		{680191B4-456F-4550-8D3C-C2C1DE12D771}.Debug|Any CPU.Build.0 = Debug|Any CPU
		{680191B4-456F-4550-8D3C-C2C1DE12D771}.Release|Any CPU.ActiveCfg = Release|Any CPU
		{680191B4-456F-4550-8D3C-C2C1DE12D771}.Release|Any CPU.Build.0 = Release|Any CPU
		{91AD3CB9-FB4A-4272-9C94-B2050856271E}.Debug|Any CPU.ActiveCfg = Debug|Any CPU
		{91AD3CB9-FB4A-4272-9C94-B2050856271E}.Debug|Any CPU.Build.0 = Debug|Any CPU
		{91AD3CB9-FB4A-4272-9C94-B2050856271E}.Release|Any CPU.ActiveCfg = Release|Any CPU
		{91AD3CB9-FB4A-4272-9C94-B2050856271E}.Release|Any CPU.Build.0 = Release|Any CPU
		{0DE8D5E4-EC9A-43DA-818A-74CA291F81DD}.Debug|Any CPU.ActiveCfg = Debug|Any CPU
		{0DE8D5E4-EC9A-43DA-818A-74CA291F81DD}.Debug|Any CPU.Build.0 = Debug|Any CPU
		{0DE8D5E4-EC9A-43DA-818A-74CA291F81DD}.Release|Any CPU.ActiveCfg = Release|Any CPU
		{0DE8D5E4-EC9A-43DA-818A-74CA291F81DD}.Release|Any CPU.Build.0 = Release|Any CPU
		{8F156976-1B89-4678-B7A1-F764DC325B13}.Debug|Any CPU.ActiveCfg = Debug|Any CPU
		{8F156976-1B89-4678-B7A1-F764DC325B13}.Debug|Any CPU.Build.0 = Debug|Any CPU
		{8F156976-1B89-4678-B7A1-F764DC325B13}.Release|Any CPU.ActiveCfg = Release|Any CPU
		{8F156976-1B89-4678-B7A1-F764DC325B13}.Release|Any CPU.Build.0 = Release|Any CPU
		{4D0F7A6A-159D-4EF5-9F64-3BF0E8969AC7}.Debug|Any CPU.ActiveCfg = Debug|Any CPU
		{4D0F7A6A-159D-4EF5-9F64-3BF0E8969AC7}.Debug|Any CPU.Build.0 = Debug|Any CPU
		{4D0F7A6A-159D-4EF5-9F64-3BF0E8969AC7}.Release|Any CPU.ActiveCfg = Release|Any CPU
		{4D0F7A6A-159D-4EF5-9F64-3BF0E8969AC7}.Release|Any CPU.Build.0 = Release|Any CPU
		{9EB44832-EA92-4252-A246-214306962490}.Debug|Any CPU.ActiveCfg = Debug|Any CPU
		{9EB44832-EA92-4252-A246-214306962490}.Debug|Any CPU.Build.0 = Debug|Any CPU
		{9EB44832-EA92-4252-A246-214306962490}.Release|Any CPU.ActiveCfg = Release|Any CPU
		{9EB44832-EA92-4252-A246-214306962490}.Release|Any CPU.Build.0 = Release|Any CPU
		{286E55D0-2C44-4989-985D-9A6F9E82AC47}.Debug|Any CPU.ActiveCfg = Debug|Any CPU
		{286E55D0-2C44-4989-985D-9A6F9E82AC47}.Debug|Any CPU.Build.0 = Debug|Any CPU
		{286E55D0-2C44-4989-985D-9A6F9E82AC47}.Release|Any CPU.ActiveCfg = Release|Any CPU
		{286E55D0-2C44-4989-985D-9A6F9E82AC47}.Release|Any CPU.Build.0 = Release|Any CPU
		{A3BA4657-18CA-494D-8565-3D6C160E2076}.Debug|Any CPU.ActiveCfg = Debug|Any CPU
		{A3BA4657-18CA-494D-8565-3D6C160E2076}.Debug|Any CPU.Build.0 = Debug|Any CPU
		{A3BA4657-18CA-494D-8565-3D6C160E2076}.Release|Any CPU.ActiveCfg = Release|Any CPU
		{A3BA4657-18CA-494D-8565-3D6C160E2076}.Release|Any CPU.Build.0 = Release|Any CPU
		{29BC9391-144A-4C4A-A051-3A330D3E3080}.Debug|Any CPU.ActiveCfg = Debug|Any CPU
		{29BC9391-144A-4C4A-A051-3A330D3E3080}.Debug|Any CPU.Build.0 = Debug|Any CPU
		{29BC9391-144A-4C4A-A051-3A330D3E3080}.Release|Any CPU.ActiveCfg = Release|Any CPU
		{29BC9391-144A-4C4A-A051-3A330D3E3080}.Release|Any CPU.Build.0 = Release|Any CPU
		{968F275A-69BD-45E7-8D2C-567AAF8212A9}.Debug|Any CPU.ActiveCfg = Debug|Any CPU
		{968F275A-69BD-45E7-8D2C-567AAF8212A9}.Debug|Any CPU.Build.0 = Debug|Any CPU
		{968F275A-69BD-45E7-8D2C-567AAF8212A9}.Release|Any CPU.ActiveCfg = Release|Any CPU
		{968F275A-69BD-45E7-8D2C-567AAF8212A9}.Release|Any CPU.Build.0 = Release|Any CPU
		{3807A8F2-D342-461A-8E7C-DD315EA2AC8E}.Debug|Any CPU.ActiveCfg = Debug|Any CPU
		{3807A8F2-D342-461A-8E7C-DD315EA2AC8E}.Debug|Any CPU.Build.0 = Debug|Any CPU
		{3807A8F2-D342-461A-8E7C-DD315EA2AC8E}.Release|Any CPU.ActiveCfg = Release|Any CPU
		{3807A8F2-D342-461A-8E7C-DD315EA2AC8E}.Release|Any CPU.Build.0 = Release|Any CPU
		{9EA54CAF-C708-4BA4-9044-034BBC63DCE0}.Debug|Any CPU.ActiveCfg = Debug|Any CPU
		{9EA54CAF-C708-4BA4-9044-034BBC63DCE0}.Debug|Any CPU.Build.0 = Debug|Any CPU
		{9EA54CAF-C708-4BA4-9044-034BBC63DCE0}.Release|Any CPU.ActiveCfg = Release|Any CPU
		{9EA54CAF-C708-4BA4-9044-034BBC63DCE0}.Release|Any CPU.Build.0 = Release|Any CPU
		{D65BB0E0-A9B2-4401-8F67-67C2C68782EA}.Debug|Any CPU.ActiveCfg = Debug|Any CPU
		{D65BB0E0-A9B2-4401-8F67-67C2C68782EA}.Debug|Any CPU.Build.0 = Debug|Any CPU
		{D65BB0E0-A9B2-4401-8F67-67C2C68782EA}.Release|Any CPU.ActiveCfg = Release|Any CPU
		{D65BB0E0-A9B2-4401-8F67-67C2C68782EA}.Release|Any CPU.Build.0 = Release|Any CPU
		{064DBDBA-333E-41D4-A9B2-876AF932A467}.Debug|Any CPU.ActiveCfg = Debug|Any CPU
		{064DBDBA-333E-41D4-A9B2-876AF932A467}.Debug|Any CPU.Build.0 = Debug|Any CPU
		{064DBDBA-333E-41D4-A9B2-876AF932A467}.Release|Any CPU.ActiveCfg = Release|Any CPU
		{064DBDBA-333E-41D4-A9B2-876AF932A467}.Release|Any CPU.Build.0 = Release|Any CPU
		{916FAAB8-66D9-40FB-B06A-816497496ACC}.Debug|Any CPU.ActiveCfg = Debug|Any CPU
		{916FAAB8-66D9-40FB-B06A-816497496ACC}.Debug|Any CPU.Build.0 = Debug|Any CPU
		{916FAAB8-66D9-40FB-B06A-816497496ACC}.Release|Any CPU.ActiveCfg = Release|Any CPU
		{916FAAB8-66D9-40FB-B06A-816497496ACC}.Release|Any CPU.Build.0 = Release|Any CPU
		{58895F13-E234-44B1-8CAE-0644E58770FA}.Debug|Any CPU.ActiveCfg = Debug|Any CPU
		{58895F13-E234-44B1-8CAE-0644E58770FA}.Debug|Any CPU.Build.0 = Debug|Any CPU
		{58895F13-E234-44B1-8CAE-0644E58770FA}.Release|Any CPU.ActiveCfg = Release|Any CPU
		{58895F13-E234-44B1-8CAE-0644E58770FA}.Release|Any CPU.Build.0 = Release|Any CPU
		{F451A2BB-870C-430A-AF8D-C8F6A3C30182}.Debug|Any CPU.ActiveCfg = Debug|Any CPU
		{F451A2BB-870C-430A-AF8D-C8F6A3C30182}.Debug|Any CPU.Build.0 = Debug|Any CPU
		{F451A2BB-870C-430A-AF8D-C8F6A3C30182}.Release|Any CPU.ActiveCfg = Release|Any CPU
		{F451A2BB-870C-430A-AF8D-C8F6A3C30182}.Release|Any CPU.Build.0 = Release|Any CPU
		{07E42814-C59C-43C5-AA57-39B53C340A0C}.Debug|Any CPU.ActiveCfg = Debug|Any CPU
		{07E42814-C59C-43C5-AA57-39B53C340A0C}.Debug|Any CPU.Build.0 = Debug|Any CPU
		{07E42814-C59C-43C5-AA57-39B53C340A0C}.Release|Any CPU.ActiveCfg = Release|Any CPU
		{07E42814-C59C-43C5-AA57-39B53C340A0C}.Release|Any CPU.Build.0 = Release|Any CPU
		{DD612044-55C5-422D-B1CA-643D9538F769}.Debug|Any CPU.ActiveCfg = Debug|Any CPU
		{DD612044-55C5-422D-B1CA-643D9538F769}.Debug|Any CPU.Build.0 = Debug|Any CPU
		{DD612044-55C5-422D-B1CA-643D9538F769}.Release|Any CPU.ActiveCfg = Release|Any CPU
		{DD612044-55C5-422D-B1CA-643D9538F769}.Release|Any CPU.Build.0 = Release|Any CPU
		{0951AF5B-DEBD-47AB-8BD5-DB84DE774F8F}.Debug|Any CPU.ActiveCfg = Debug|Any CPU
		{0951AF5B-DEBD-47AB-8BD5-DB84DE774F8F}.Debug|Any CPU.Build.0 = Debug|Any CPU
		{0951AF5B-DEBD-47AB-8BD5-DB84DE774F8F}.Release|Any CPU.ActiveCfg = Release|Any CPU
		{0951AF5B-DEBD-47AB-8BD5-DB84DE774F8F}.Release|Any CPU.Build.0 = Release|Any CPU
		{777FCF1F-C6C1-41FE-9930-5D565C6D12C1}.Debug|Any CPU.ActiveCfg = Debug|Any CPU
		{777FCF1F-C6C1-41FE-9930-5D565C6D12C1}.Debug|Any CPU.Build.0 = Debug|Any CPU
		{777FCF1F-C6C1-41FE-9930-5D565C6D12C1}.Release|Any CPU.ActiveCfg = Release|Any CPU
		{777FCF1F-C6C1-41FE-9930-5D565C6D12C1}.Release|Any CPU.Build.0 = Release|Any CPU
		{0A1BD062-B9CB-4AB3-9B24-A172DD37A57C}.Debug|Any CPU.ActiveCfg = Debug|Any CPU
		{0A1BD062-B9CB-4AB3-9B24-A172DD37A57C}.Debug|Any CPU.Build.0 = Debug|Any CPU
		{0A1BD062-B9CB-4AB3-9B24-A172DD37A57C}.Release|Any CPU.ActiveCfg = Release|Any CPU
		{0A1BD062-B9CB-4AB3-9B24-A172DD37A57C}.Release|Any CPU.Build.0 = Release|Any CPU
		{9952CC14-D2E5-4E44-B383-EE02E411F990}.Debug|Any CPU.ActiveCfg = Debug|Any CPU
		{9952CC14-D2E5-4E44-B383-EE02E411F990}.Debug|Any CPU.Build.0 = Debug|Any CPU
		{9952CC14-D2E5-4E44-B383-EE02E411F990}.Release|Any CPU.ActiveCfg = Release|Any CPU
		{9952CC14-D2E5-4E44-B383-EE02E411F990}.Release|Any CPU.Build.0 = Release|Any CPU
		{7238620D-4243-4724-85EC-5C80E7028E1C}.Debug|Any CPU.ActiveCfg = Debug|Any CPU
		{7238620D-4243-4724-85EC-5C80E7028E1C}.Debug|Any CPU.Build.0 = Debug|Any CPU
		{7238620D-4243-4724-85EC-5C80E7028E1C}.Release|Any CPU.ActiveCfg = Release|Any CPU
		{7238620D-4243-4724-85EC-5C80E7028E1C}.Release|Any CPU.Build.0 = Release|Any CPU
		{25CEE123-380B-4ED2-B33D-40673058EB4E}.Debug|Any CPU.ActiveCfg = Debug|Any CPU
		{25CEE123-380B-4ED2-B33D-40673058EB4E}.Debug|Any CPU.Build.0 = Debug|Any CPU
		{25CEE123-380B-4ED2-B33D-40673058EB4E}.Release|Any CPU.ActiveCfg = Release|Any CPU
		{25CEE123-380B-4ED2-B33D-40673058EB4E}.Release|Any CPU.Build.0 = Release|Any CPU
		{EDDB6F7F-9C23-44AE-8392-3AE380584840}.Debug|Any CPU.ActiveCfg = Debug|Any CPU
		{EDDB6F7F-9C23-44AE-8392-3AE380584840}.Debug|Any CPU.Build.0 = Debug|Any CPU
		{EDDB6F7F-9C23-44AE-8392-3AE380584840}.Release|Any CPU.ActiveCfg = Release|Any CPU
		{EDDB6F7F-9C23-44AE-8392-3AE380584840}.Release|Any CPU.Build.0 = Release|Any CPU
		{0A80BEE9-4BE2-4607-BF2E-8E07322EB15F}.Debug|Any CPU.ActiveCfg = Debug|Any CPU
		{0A80BEE9-4BE2-4607-BF2E-8E07322EB15F}.Debug|Any CPU.Build.0 = Debug|Any CPU
		{0A80BEE9-4BE2-4607-BF2E-8E07322EB15F}.Release|Any CPU.ActiveCfg = Release|Any CPU
		{0A80BEE9-4BE2-4607-BF2E-8E07322EB15F}.Release|Any CPU.Build.0 = Release|Any CPU
		{F424965F-97FF-4677-8521-E901065C6056}.Debug|Any CPU.ActiveCfg = Debug|Any CPU
		{F424965F-97FF-4677-8521-E901065C6056}.Debug|Any CPU.Build.0 = Debug|Any CPU
		{F424965F-97FF-4677-8521-E901065C6056}.Release|Any CPU.ActiveCfg = Release|Any CPU
		{F424965F-97FF-4677-8521-E901065C6056}.Release|Any CPU.Build.0 = Release|Any CPU
		{86AF013B-CFB8-4BF5-8826-7F5CCD09F174}.Debug|Any CPU.ActiveCfg = Debug|Any CPU
		{86AF013B-CFB8-4BF5-8826-7F5CCD09F174}.Debug|Any CPU.Build.0 = Debug|Any CPU
		{86AF013B-CFB8-4BF5-8826-7F5CCD09F174}.Release|Any CPU.ActiveCfg = Release|Any CPU
		{86AF013B-CFB8-4BF5-8826-7F5CCD09F174}.Release|Any CPU.Build.0 = Release|Any CPU
		{8D1F3995-871E-414F-A002-9BBD0982C2DE}.Debug|Any CPU.ActiveCfg = Debug|Any CPU
		{8D1F3995-871E-414F-A002-9BBD0982C2DE}.Debug|Any CPU.Build.0 = Debug|Any CPU
		{8D1F3995-871E-414F-A002-9BBD0982C2DE}.Release|Any CPU.ActiveCfg = Release|Any CPU
		{8D1F3995-871E-414F-A002-9BBD0982C2DE}.Release|Any CPU.Build.0 = Release|Any CPU
		{85A4DF05-CC9B-4690-867E-5E7FB2922956}.Debug|Any CPU.ActiveCfg = Debug|Any CPU
		{85A4DF05-CC9B-4690-867E-5E7FB2922956}.Debug|Any CPU.Build.0 = Debug|Any CPU
		{85A4DF05-CC9B-4690-867E-5E7FB2922956}.Release|Any CPU.ActiveCfg = Release|Any CPU
		{85A4DF05-CC9B-4690-867E-5E7FB2922956}.Release|Any CPU.Build.0 = Release|Any CPU
		{FF1711D2-B8B2-4BAE-BB03-D5FC2C9795EF}.Debug|Any CPU.ActiveCfg = Debug|Any CPU
		{FF1711D2-B8B2-4BAE-BB03-D5FC2C9795EF}.Debug|Any CPU.Build.0 = Debug|Any CPU
		{FF1711D2-B8B2-4BAE-BB03-D5FC2C9795EF}.Release|Any CPU.ActiveCfg = Release|Any CPU
		{FF1711D2-B8B2-4BAE-BB03-D5FC2C9795EF}.Release|Any CPU.Build.0 = Release|Any CPU
		{D6D8259D-EEF0-46D6-AE6F-931CF0A0F209}.Debug|Any CPU.ActiveCfg = Debug|Any CPU
		{D6D8259D-EEF0-46D6-AE6F-931CF0A0F209}.Debug|Any CPU.Build.0 = Debug|Any CPU
		{D6D8259D-EEF0-46D6-AE6F-931CF0A0F209}.Release|Any CPU.ActiveCfg = Release|Any CPU
		{D6D8259D-EEF0-46D6-AE6F-931CF0A0F209}.Release|Any CPU.Build.0 = Release|Any CPU
		{08FD0AF2-5E57-4C26-B58F-CAF4E5C77709}.Debug|Any CPU.ActiveCfg = Debug|Any CPU
		{08FD0AF2-5E57-4C26-B58F-CAF4E5C77709}.Debug|Any CPU.Build.0 = Debug|Any CPU
		{08FD0AF2-5E57-4C26-B58F-CAF4E5C77709}.Release|Any CPU.ActiveCfg = Release|Any CPU
		{08FD0AF2-5E57-4C26-B58F-CAF4E5C77709}.Release|Any CPU.Build.0 = Release|Any CPU
		{4A68387D-86FE-412F-ACF5-3E519AD3EA18}.Debug|Any CPU.ActiveCfg = Debug|Any CPU
		{4A68387D-86FE-412F-ACF5-3E519AD3EA18}.Debug|Any CPU.Build.0 = Debug|Any CPU
		{4A68387D-86FE-412F-ACF5-3E519AD3EA18}.Release|Any CPU.ActiveCfg = Release|Any CPU
		{4A68387D-86FE-412F-ACF5-3E519AD3EA18}.Release|Any CPU.Build.0 = Release|Any CPU
		{5B21063B-1325-4A34-A70C-1C4BB968AC18}.Debug|Any CPU.ActiveCfg = Debug|Any CPU
		{5B21063B-1325-4A34-A70C-1C4BB968AC18}.Debug|Any CPU.Build.0 = Debug|Any CPU
		{5B21063B-1325-4A34-A70C-1C4BB968AC18}.Release|Any CPU.ActiveCfg = Release|Any CPU
		{5B21063B-1325-4A34-A70C-1C4BB968AC18}.Release|Any CPU.Build.0 = Release|Any CPU
		{2FD174BB-50E6-4995-BC8B-1370DE7CA1BA}.Debug|Any CPU.ActiveCfg = Debug|Any CPU
		{2FD174BB-50E6-4995-BC8B-1370DE7CA1BA}.Debug|Any CPU.Build.0 = Debug|Any CPU
		{2FD174BB-50E6-4995-BC8B-1370DE7CA1BA}.Release|Any CPU.ActiveCfg = Release|Any CPU
		{2FD174BB-50E6-4995-BC8B-1370DE7CA1BA}.Release|Any CPU.Build.0 = Release|Any CPU
		{D4C1C382-D3B4-467F-8C99-D357CFB196D5}.Debug|Any CPU.ActiveCfg = Debug|Any CPU
		{D4C1C382-D3B4-467F-8C99-D357CFB196D5}.Debug|Any CPU.Build.0 = Debug|Any CPU
		{D4C1C382-D3B4-467F-8C99-D357CFB196D5}.Release|Any CPU.ActiveCfg = Release|Any CPU
		{D4C1C382-D3B4-467F-8C99-D357CFB196D5}.Release|Any CPU.Build.0 = Release|Any CPU
		{906BA924-8F03-4A88-A429-CFDC210372A3}.Debug|Any CPU.ActiveCfg = Debug|Any CPU
		{906BA924-8F03-4A88-A429-CFDC210372A3}.Debug|Any CPU.Build.0 = Debug|Any CPU
		{906BA924-8F03-4A88-A429-CFDC210372A3}.Release|Any CPU.ActiveCfg = Release|Any CPU
		{906BA924-8F03-4A88-A429-CFDC210372A3}.Release|Any CPU.Build.0 = Release|Any CPU
		{0BBF6A53-97DE-4CEC-B8D5-A95D859C4BB4}.Debug|Any CPU.ActiveCfg = Debug|Any CPU
		{0BBF6A53-97DE-4CEC-B8D5-A95D859C4BB4}.Debug|Any CPU.Build.0 = Debug|Any CPU
		{0BBF6A53-97DE-4CEC-B8D5-A95D859C4BB4}.Release|Any CPU.ActiveCfg = Release|Any CPU
		{0BBF6A53-97DE-4CEC-B8D5-A95D859C4BB4}.Release|Any CPU.Build.0 = Release|Any CPU
		{06B3C967-0710-41C9-91C2-756BFBE61EF7}.Debug|Any CPU.ActiveCfg = Debug|Any CPU
		{06B3C967-0710-41C9-91C2-756BFBE61EF7}.Debug|Any CPU.Build.0 = Debug|Any CPU
		{06B3C967-0710-41C9-91C2-756BFBE61EF7}.Release|Any CPU.ActiveCfg = Release|Any CPU
		{06B3C967-0710-41C9-91C2-756BFBE61EF7}.Release|Any CPU.Build.0 = Release|Any CPU
		{09825DFC-2981-4D58-B3D7-03E29087C94C}.Debug|Any CPU.ActiveCfg = Debug|Any CPU
		{09825DFC-2981-4D58-B3D7-03E29087C94C}.Debug|Any CPU.Build.0 = Debug|Any CPU
		{09825DFC-2981-4D58-B3D7-03E29087C94C}.Release|Any CPU.ActiveCfg = Release|Any CPU
		{09825DFC-2981-4D58-B3D7-03E29087C94C}.Release|Any CPU.Build.0 = Release|Any CPU
		{5F17FCF7-7133-45D8-B2CA-4D87D8057D6F}.Debug|Any CPU.ActiveCfg = Debug|Any CPU
		{5F17FCF7-7133-45D8-B2CA-4D87D8057D6F}.Debug|Any CPU.Build.0 = Debug|Any CPU
		{5F17FCF7-7133-45D8-B2CA-4D87D8057D6F}.Release|Any CPU.ActiveCfg = Release|Any CPU
		{5F17FCF7-7133-45D8-B2CA-4D87D8057D6F}.Release|Any CPU.Build.0 = Release|Any CPU
		{816402C4-F337-472A-82DA-AFD59B1024BC}.Debug|Any CPU.ActiveCfg = Debug|Any CPU
		{816402C4-F337-472A-82DA-AFD59B1024BC}.Debug|Any CPU.Build.0 = Debug|Any CPU
		{816402C4-F337-472A-82DA-AFD59B1024BC}.Release|Any CPU.ActiveCfg = Release|Any CPU
		{816402C4-F337-472A-82DA-AFD59B1024BC}.Release|Any CPU.Build.0 = Release|Any CPU
		{81F3042A-9B59-4B0B-AAD5-E8D3DA4BB7F5}.Debug|Any CPU.ActiveCfg = Debug|Any CPU
		{81F3042A-9B59-4B0B-AAD5-E8D3DA4BB7F5}.Debug|Any CPU.Build.0 = Debug|Any CPU
		{81F3042A-9B59-4B0B-AAD5-E8D3DA4BB7F5}.Release|Any CPU.ActiveCfg = Release|Any CPU
		{81F3042A-9B59-4B0B-AAD5-E8D3DA4BB7F5}.Release|Any CPU.Build.0 = Release|Any CPU
		{B8BFA48A-3C1E-4058-BEA5-B9258AE61E3E}.Debug|Any CPU.ActiveCfg = Debug|Any CPU
		{B8BFA48A-3C1E-4058-BEA5-B9258AE61E3E}.Debug|Any CPU.Build.0 = Debug|Any CPU
		{B8BFA48A-3C1E-4058-BEA5-B9258AE61E3E}.Release|Any CPU.ActiveCfg = Release|Any CPU
		{B8BFA48A-3C1E-4058-BEA5-B9258AE61E3E}.Release|Any CPU.Build.0 = Release|Any CPU
		{1C5DAC0D-B1A9-4709-9544-E4BCA1DAAC68}.Debug|Any CPU.ActiveCfg = Debug|Any CPU
		{1C5DAC0D-B1A9-4709-9544-E4BCA1DAAC68}.Debug|Any CPU.Build.0 = Debug|Any CPU
		{1C5DAC0D-B1A9-4709-9544-E4BCA1DAAC68}.Release|Any CPU.ActiveCfg = Release|Any CPU
		{1C5DAC0D-B1A9-4709-9544-E4BCA1DAAC68}.Release|Any CPU.Build.0 = Release|Any CPU
	EndGlobalSection
	GlobalSection(SolutionProperties) = preSolution
		HideSolutionNode = FALSE
	EndGlobalSection
	GlobalSection(ExtensibilityGlobals) = postSolution
		SolutionGuid = {58925FBB-787E-4691-A3D6-E801A9CE1E9A}
	EndGlobalSection
EndGlobal
